
Microsoft Visual Studio Solution File, Format Version 12.00
# Visual Studio Version 17
VisualStudioVersion = 17.7.34221.43
MinimumVisualStudioVersion = 10.0.40219.1
Project("{9A19103F-16F7-4668-BE54-9A1E7A4F7556}") = "RedMangoAPI", "RedMangoAPI\RedMangoAPI.csproj", "{1F8F2161-2D50-4BBE-A350-07B4E89A71BC}"
EndProject
Project("{2150E333-8FDC-42A3-9474-1A3956D46DE8}") = "RedMangoAPI.Services", "RedMangoAPI.Services", "{7B669A46-CD23-4D7C-9549-90A0B58F17F1}"
EndProject
Project("{2150E333-8FDC-42A3-9474-1A3956D46DE8}") = "RedMangoAPI.Database", "RedMangoAPI.Database", "{4893435F-7994-40D4-BA27-92D092741203}"
EndProject
Project("{9A19103F-16F7-4668-BE54-9A1E7A4F7556}") = "RedMangoAPI.Database", "RedMangoAPI.Database\RedMangoAPI.Database\RedMangoAPI.Database.csproj", "{3A9C839F-3459-4626-95CC-DDEC0F8DBD8A}"
EndProject
Project("{9A19103F-16F7-4668-BE54-9A1E7A4F7556}") = "RedMangoAPI.Database.Entities", "RedMangoAPI.Database\RedMangoAPI.Database.Entities\RedMangoAPI.Database.Entities.csproj", "{69D6FFB4-4C9A-4CA1-8AE6-035F6F00125C}"
EndProject
Project("{9A19103F-16F7-4668-BE54-9A1E7A4F7556}") = "RedMangoAPI.Services", "RedMangoAPI.Services\RedMangoAPI.Services\RedMangoAPI.Services.csproj", "{B43A0446-585F-4C57-8D6B-1E60B3F8DF39}"
EndProject
Project("{9A19103F-16F7-4668-BE54-9A1E7A4F7556}") = "RedMangoAPI.Services.Mapper", "RedMangoAPI.Services\RedMangoAPI.Services.Mapper\RedMangoAPI.Services.Mapper.csproj", "{0A3F5F33-A297-46AC-AFC4-F29F167375E6}"
EndProject
Global
	GlobalSection(SolutionConfigurationPlatforms) = preSolution
		Debug|Any CPU = Debug|Any CPU
		Release|Any CPU = Release|Any CPU
	EndGlobalSection
	GlobalSection(ProjectConfigurationPlatforms) = postSolution
		{1F8F2161-2D50-4BBE-A350-07B4E89A71BC}.Debug|Any CPU.ActiveCfg = Debug|Any CPU
		{1F8F2161-2D50-4BBE-A350-07B4E89A71BC}.Debug|Any CPU.Build.0 = Debug|Any CPU
		{1F8F2161-2D50-4BBE-A350-07B4E89A71BC}.Release|Any CPU.ActiveCfg = Release|Any CPU
		{1F8F2161-2D50-4BBE-A350-07B4E89A71BC}.Release|Any CPU.Build.0 = Release|Any CPU
		{3A9C839F-3459-4626-95CC-DDEC0F8DBD8A}.Debug|Any CPU.ActiveCfg = Debug|Any CPU
		{3A9C839F-3459-4626-95CC-DDEC0F8DBD8A}.Debug|Any CPU.Build.0 = Debug|Any CPU
		{3A9C839F-3459-4626-95CC-DDEC0F8DBD8A}.Release|Any CPU.ActiveCfg = Release|Any CPU
		{3A9C839F-3459-4626-95CC-DDEC0F8DBD8A}.Release|Any CPU.Build.0 = Release|Any CPU
		{69D6FFB4-4C9A-4CA1-8AE6-035F6F00125C}.Debug|Any CPU.ActiveCfg = Debug|Any CPU
		{69D6FFB4-4C9A-4CA1-8AE6-035F6F00125C}.Debug|Any CPU.Build.0 = Debug|Any CPU
		{69D6FFB4-4C9A-4CA1-8AE6-035F6F00125C}.Release|Any CPU.ActiveCfg = Release|Any CPU
		{69D6FFB4-4C9A-4CA1-8AE6-035F6F00125C}.Release|Any CPU.Build.0 = Release|Any CPU
		{B43A0446-585F-4C57-8D6B-1E60B3F8DF39}.Debug|Any CPU.ActiveCfg = Debug|Any CPU
		{B43A0446-585F-4C57-8D6B-1E60B3F8DF39}.Debug|Any CPU.Build.0 = Debug|Any CPU
		{B43A0446-585F-4C57-8D6B-1E60B3F8DF39}.Release|Any CPU.ActiveCfg = Release|Any CPU
		{B43A0446-585F-4C57-8D6B-1E60B3F8DF39}.Release|Any CPU.Build.0 = Release|Any CPU
		{0A3F5F33-A297-46AC-AFC4-F29F167375E6}.Debug|Any CPU.ActiveCfg = Debug|Any CPU
		{0A3F5F33-A297-46AC-AFC4-F29F167375E6}.Debug|Any CPU.Build.0 = Debug|Any CPU
		{0A3F5F33-A297-46AC-AFC4-F29F167375E6}.Release|Any CPU.ActiveCfg = Release|Any CPU
		{0A3F5F33-A297-46AC-AFC4-F29F167375E6}.Release|Any CPU.Build.0 = Release|Any CPU
	EndGlobalSection
	GlobalSection(SolutionProperties) = preSolution
		HideSolutionNode = FALSE
	EndGlobalSection
	GlobalSection(NestedProjects) = preSolution
		{3A9C839F-3459-4626-95CC-DDEC0F8DBD8A} = {4893435F-7994-40D4-BA27-92D092741203}
		{69D6FFB4-4C9A-4CA1-8AE6-035F6F00125C} = {4893435F-7994-40D4-BA27-92D092741203}
		{B43A0446-585F-4C57-8D6B-1E60B3F8DF39} = {7B669A46-CD23-4D7C-9549-90A0B58F17F1}
		{0A3F5F33-A297-46AC-AFC4-F29F167375E6} = {7B669A46-CD23-4D7C-9549-90A0B58F17F1}
	EndGlobalSection
	GlobalSection(ExtensibilityGlobals) = postSolution
		SolutionGuid = {2200F188-8E24-40B4-9387-01C20174C1E8}
	EndGlobalSection
EndGlobal
